// !$*UTF8*$!
{
	archiveVersion = 1;
	classes = {
	};
	objectVersion = 70;
	objects = {

/* Begin PBXBuildFile section */
		163448ED1AA40E8C00A9D205 /* CoreText.framework in Frameworks */ = {isa = PBXBuildFile; fileRef = 163448EC1AA40E8C00A9D205 /* CoreText.framework */; };
		8B765CCB2EA2496400059A27 /* README.md in Resources */ = {isa = PBXBuildFile; fileRef = 8B765CCA2EA2496400059A27 /* README.md */; };
		8B765D852EA24DD200059A27 /* ZCTransparencyLabel.m in Sources */ = {isa = PBXBuildFile; fileRef = 8B765D832EA24DD200059A27 /* ZCTransparencyLabel.m */; };
		8B765D862EA24DD200059A27 /* ZCCoreTextLayout.m in Sources */ = {isa = PBXBuildFile; fileRef = 8B765D782EA24DD200059A27 /* ZCCoreTextLayout.m */; };
		8B765D872EA24DD200059A27 /* ZCDashLabel.m in Sources */ = {isa = PBXBuildFile; fileRef = 8B765D792EA24DD200059A27 /* ZCDashLabel.m */; };
		8B765D882EA24DD200059A27 /* ZCEasingUtil.m in Sources */ = {isa = PBXBuildFile; fileRef = 8B765D7B2EA24DD200059A27 /* ZCEasingUtil.m */; };
		8B765D892EA24DD200059A27 /* ZCShapeshiftLabel.m in Sources */ = {isa = PBXBuildFile; fileRef = 8B765D802EA24DD200059A27 /* ZCShapeshiftLabel.m */; };
		8B765D8A2EA24DD200059A27 /* ZCAnimatedLabel.m in Sources */ = {isa = PBXBuildFile; fileRef = 8B765D772EA24DD200059A27 /* ZCAnimatedLabel.m */; };
		8B765D8B2EA24DD200059A27 /* ZCFallLabel.m in Sources */ = {isa = PBXBuildFile; fileRef = 8B765D7C2EA24DD200059A27 /* ZCFallLabel.m */; };
		8B765D8C2EA24DD200059A27 /* ZCThrownLabel.m in Sources */ = {isa = PBXBuildFile; fileRef = 8B765D822EA24DD200059A27 /* ZCThrownLabel.m */; };
		8B765D8D2EA24DD200059A27 /* ZCFocusLabel.m in Sources */ = {isa = PBXBuildFile; fileRef = 8B765D7E2EA24DD200059A27 /* ZCFocusLabel.m */; };
		8B765D8E2EA24DD200059A27 /* ZCFlyinLabel.m in Sources */ = {isa = PBXBuildFile; fileRef = 8B765D7D2EA24DD200059A27 /* ZCFlyinLabel.m */; };
		8B765D8F2EA24DD200059A27 /* ZCDuangLabel.m in Sources */ = {isa = PBXBuildFile; fileRef = 8B765D7A2EA24DD200059A27 /* ZCDuangLabel.m */; };
		8B765D902EA24DD200059A27 /* ZCSpinLabel.m in Sources */ = {isa = PBXBuildFile; fileRef = 8B765D812EA24DD200059A27 /* ZCSpinLabel.m */; };
		8B765D912EA24DD200059A27 /* ZCRevealLabel.m in Sources */ = {isa = PBXBuildFile; fileRef = 8B765D7F2EA24DD200059A27 /* ZCRevealLabel.m */; };
/* End PBXBuildFile section */

/* Begin PBXFileReference section */
		163448DF1AA1C00100A9D205 /* ImageIO.framework */ = {isa = PBXFileReference; lastKnownFileType = wrapper.framework; name = ImageIO.framework; path = System/Library/Frameworks/ImageIO.framework; sourceTree = SDKROOT; };
		163448E11AA1C02A00A9D205 /* Accelerate.framework */ = {isa = PBXFileReference; lastKnownFileType = wrapper.framework; name = Accelerate.framework; path = System/Library/Frameworks/Accelerate.framework; sourceTree = SDKROOT; };
		163448EC1AA40E8C00A9D205 /* CoreText.framework */ = {isa = PBXFileReference; lastKnownFileType = wrapper.framework; name = CoreText.framework; path = System/Library/Frameworks/CoreText.framework; sourceTree = SDKROOT; };
		16A16C501A8DCC2500F6FC41 /* ZCAnimatedLabel.app */ = {isa = PBXFileReference; explicitFileType = wrapper.application; includeInIndex = 0; path = ZCAnimatedLabel.app; sourceTree = BUILT_PRODUCTS_DIR; };
		84F34C6ABAEB8DB5DA00A772 /* libPods-ZCAnimatedLabel.a */ = {isa = PBXFileReference; explicitFileType = archive.ar; includeInIndex = 0; path = "libPods-ZCAnimatedLabel.a"; sourceTree = BUILT_PRODUCTS_DIR; };
		8B765CCA2EA2496400059A27 /* README.md */ = {isa = PBXFileReference; lastKnownFileType = net.daringfireball.markdown; path = README.md; sourceTree = "<group>"; };
		8B765D692EA24DD200059A27 /* ZCAnimatedLabel.h */ = {isa = PBXFileReference; lastKnownFileType = sourcecode.c.h; path = ZCAnimatedLabel.h; sourceTree = "<group>"; };
		8B765D6A2EA24DD200059A27 /* ZCCoreTextLayout.h */ = {isa = PBXFileReference; lastKnownFileType = sourcecode.c.h; path = ZCCoreTextLayout.h; sourceTree = "<group>"; };
		8B765D6B2EA24DD200059A27 /* ZCDashLabel.h */ = {isa = PBXFileReference; lastKnownFileType = sourcecode.c.h; path = ZCDashLabel.h; sourceTree = "<group>"; };
		8B765D6C2EA24DD200059A27 /* ZCDuangLabel.h */ = {isa = PBXFileReference; lastKnownFileType = sourcecode.c.h; path = ZCDuangLabel.h; sourceTree = "<group>"; };
		8B765D6D2EA24DD200059A27 /* ZCEasingUtil.h */ = {isa = PBXFileReference; lastKnownFileType = sourcecode.c.h; path = ZCEasingUtil.h; sourceTree = "<group>"; };
		8B765D6E2EA24DD200059A27 /* ZCFallLabel.h */ = {isa = PBXFileReference; lastKnownFileType = sourcecode.c.h; path = ZCFallLabel.h; sourceTree = "<group>"; };
		8B765D6F2EA24DD200059A27 /* ZCFlyinLabel.h */ = {isa = PBXFileReference; lastKnownFileType = sourcecode.c.h; path = ZCFlyinLabel.h; sourceTree = "<group>"; };
		8B765D702EA24DD200059A27 /* ZCFocusLabel.h */ = {isa = PBXFileReference; lastKnownFileType = sourcecode.c.h; path = ZCFocusLabel.h; sourceTree = "<group>"; };
		8B765D712EA24DD200059A27 /* ZCRevealLabel.h */ = {isa = PBXFileReference; lastKnownFileType = sourcecode.c.h; path = ZCRevealLabel.h; sourceTree = "<group>"; };
		8B765D722EA24DD200059A27 /* ZCShapeshiftLabel.h */ = {isa = PBXFileReference; lastKnownFileType = sourcecode.c.h; path = ZCShapeshiftLabel.h; sourceTree = "<group>"; };
		8B765D732EA24DD200059A27 /* ZCSpinLabel.h */ = {isa = PBXFileReference; lastKnownFileType = sourcecode.c.h; path = ZCSpinLabel.h; sourceTree = "<group>"; };
		8B765D742EA24DD200059A27 /* ZCThrownLabel.h */ = {isa = PBXFileReference; lastKnownFileType = sourcecode.c.h; path = ZCThrownLabel.h; sourceTree = "<group>"; };
		8B765D752EA24DD200059A27 /* ZCTransparencyLabel.h */ = {isa = PBXFileReference; lastKnownFileType = sourcecode.c.h; path = ZCTransparencyLabel.h; sourceTree = "<group>"; };
		8B765D772EA24DD200059A27 /* ZCAnimatedLabel.m */ = {isa = PBXFileReference; lastKnownFileType = sourcecode.c.objc; path = ZCAnimatedLabel.m; sourceTree = "<group>"; };
		8B765D782EA24DD200059A27 /* ZCCoreTextLayout.m */ = {isa = PBXFileReference; lastKnownFileType = sourcecode.c.objc; path = ZCCoreTextLayout.m; sourceTree = "<group>"; };
		8B765D792EA24DD200059A27 /* ZCDashLabel.m */ = {isa = PBXFileReference; lastKnownFileType = sourcecode.c.objc; path = ZCDashLabel.m; sourceTree = "<group>"; };
		8B765D7A2EA24DD200059A27 /* ZCDuangLabel.m */ = {isa = PBXFileReference; lastKnownFileType = sourcecode.c.objc; path = ZCDuangLabel.m; sourceTree = "<group>"; };
		8B765D7B2EA24DD200059A27 /* ZCEasingUtil.m */ = {isa = PBXFileReference; lastKnownFileType = sourcecode.c.objc; path = ZCEasingUtil.m; sourceTree = "<group>"; };
		8B765D7C2EA24DD200059A27 /* ZCFallLabel.m */ = {isa = PBXFileReference; lastKnownFileType = sourcecode.c.objc; path = ZCFallLabel.m; sourceTree = "<group>"; };
		8B765D7D2EA24DD200059A27 /* ZCFlyinLabel.m */ = {isa = PBXFileReference; lastKnownFileType = sourcecode.c.objc; path = ZCFlyinLabel.m; sourceTree = "<group>"; };
		8B765D7E2EA24DD200059A27 /* ZCFocusLabel.m */ = {isa = PBXFileReference; lastKnownFileType = sourcecode.c.objc; path = ZCFocusLabel.m; sourceTree = "<group>"; };
		8B765D7F2EA24DD200059A27 /* ZCRevealLabel.m */ = {isa = PBXFileReference; lastKnownFileType = sourcecode.c.objc; path = ZCRevealLabel.m; sourceTree = "<group>"; };
		8B765D802EA24DD200059A27 /* ZCShapeshiftLabel.m */ = {isa = PBXFileReference; lastKnownFileType = sourcecode.c.objc; path = ZCShapeshiftLabel.m; sourceTree = "<group>"; };
		8B765D812EA24DD200059A27 /* ZCSpinLabel.m */ = {isa = PBXFileReference; lastKnownFileType = sourcecode.c.objc; path = ZCSpinLabel.m; sourceTree = "<group>"; };
		8B765D822EA24DD200059A27 /* ZCThrownLabel.m */ = {isa = PBXFileReference; lastKnownFileType = sourcecode.c.objc; path = ZCThrownLabel.m; sourceTree = "<group>"; };
		8B765D832EA24DD200059A27 /* ZCTransparencyLabel.m */ = {isa = PBXFileReference; lastKnownFileType = sourcecode.c.objc; path = ZCTransparencyLabel.m; sourceTree = "<group>"; };
		ABFDD8BC23EA1E23896DBE2C /* libPods-ZCMorphingLabel.a */ = {isa = PBXFileReference; explicitFileType = archive.ar; includeInIndex = 0; path = "libPods-ZCMorphingLabel.a"; sourceTree = BUILT_PRODUCTS_DIR; };
/* End PBXFileReference section */

/* Begin PBXFileSystemSynchronizedRootGroup section */
		8B765D092EA24A7600059A27 /* Example */ = {isa = PBXFileSystemSynchronizedRootGroup; explicitFileTypes = {}; explicitFolders = (); path = Example; sourceTree = "<group>"; };
/* End PBXFileSystemSynchronizedRootGroup section */

/* Begin PBXFrameworksBuildPhase section */
		16A16C4D1A8DCC2500F6FC41 /* Frameworks */ = {
			isa = PBXFrameworksBuildPhase;
			buildActionMask = 2147483647;
			files = (
				163448ED1AA40E8C00A9D205 /* CoreText.framework in Frameworks */,
			);
			runOnlyForDeploymentPostprocessing = 0;
		};
/* End PBXFrameworksBuildPhase section */

/* Begin PBXGroup section */
		16A16C471A8DCC2500F6FC41 = {
			isa = PBXGroup;
			children = (
				8B765D842EA24DD200059A27 /* Sources */,
				8B765D092EA24A7600059A27 /* Example */,
				8B765CCA2EA2496400059A27 /* README.md */,
				16A16C511A8DCC2500F6FC41 /* Products */,
				987FBEBBD8288A25C6D87546 /* Frameworks */,
			);
			sourceTree = "<group>";
		};
		16A16C511A8DCC2500F6FC41 /* Products */ = {
			isa = PBXGroup;
			children = (
				16A16C501A8DCC2500F6FC41 /* ZCAnimatedLabel.app */,
			);
			name = Products;
			sourceTree = "<group>";
		};
		8B765D762EA24DD200059A27 /* include */ = {
			isa = PBXGroup;
			children = (
				8B765D692EA24DD200059A27 /* ZCAnimatedLabel.h */,
				8B765D6A2EA24DD200059A27 /* ZCCoreTextLayout.h */,
				8B765D6B2EA24DD200059A27 /* ZCDashLabel.h */,
				8B765D6C2EA24DD200059A27 /* ZCDuangLabel.h */,
				8B765D6D2EA24DD200059A27 /* ZCEasingUtil.h */,
				8B765D6E2EA24DD200059A27 /* ZCFallLabel.h */,
				8B765D6F2EA24DD200059A27 /* ZCFlyinLabel.h */,
				8B765D702EA24DD200059A27 /* ZCFocusLabel.h */,
				8B765D712EA24DD200059A27 /* ZCRevealLabel.h */,
				8B765D722EA24DD200059A27 /* ZCShapeshiftLabel.h */,
				8B765D732EA24DD200059A27 /* ZCSpinLabel.h */,
				8B765D742EA24DD200059A27 /* ZCThrownLabel.h */,
				8B765D752EA24DD200059A27 /* ZCTransparencyLabel.h */,
			);
			path = include;
			sourceTree = "<group>";
		};
		8B765D842EA24DD200059A27 /* Sources */ = {
			isa = PBXGroup;
			children = (
				8B765D762EA24DD200059A27 /* include */,
				8B765D772EA24DD200059A27 /* ZCAnimatedLabel.m */,
				8B765D782EA24DD200059A27 /* ZCCoreTextLayout.m */,
				8B765D792EA24DD200059A27 /* ZCDashLabel.m */,
				8B765D7A2EA24DD200059A27 /* ZCDuangLabel.m */,
				8B765D7B2EA24DD200059A27 /* ZCEasingUtil.m */,
				8B765D7C2EA24DD200059A27 /* ZCFallLabel.m */,
				8B765D7D2EA24DD200059A27 /* ZCFlyinLabel.m */,
				8B765D7E2EA24DD200059A27 /* ZCFocusLabel.m */,
				8B765D7F2EA24DD200059A27 /* ZCRevealLabel.m */,
				8B765D802EA24DD200059A27 /* ZCShapeshiftLabel.m */,
				8B765D812EA24DD200059A27 /* ZCSpinLabel.m */,
				8B765D822EA24DD200059A27 /* ZCThrownLabel.m */,
				8B765D832EA24DD200059A27 /* ZCTransparencyLabel.m */,
			);
			path = Sources;
			sourceTree = "<group>";
		};
		987FBEBBD8288A25C6D87546 /* Frameworks */ = {
			isa = PBXGroup;
			children = (
				163448EC1AA40E8C00A9D205 /* CoreText.framework */,
				163448E11AA1C02A00A9D205 /* Accelerate.framework */,
				163448DF1AA1C00100A9D205 /* ImageIO.framework */,
				ABFDD8BC23EA1E23896DBE2C /* libPods-ZCMorphingLabel.a */,
				84F34C6ABAEB8DB5DA00A772 /* libPods-ZCAnimatedLabel.a */,
			);
			name = Frameworks;
			sourceTree = "<group>";
		};
/* End PBXGroup section */

/* Begin PBXNativeTarget section */
		16A16C4F1A8DCC2500F6FC41 /* ZCAnimatedLabel */ = {
			isa = PBXNativeTarget;
			buildConfigurationList = 16A16C731A8DCC2500F6FC41 /* Build configuration list for PBXNativeTarget "ZCAnimatedLabel" */;
			buildPhases = (
				16A16C4C1A8DCC2500F6FC41 /* Sources */,
				16A16C4D1A8DCC2500F6FC41 /* Frameworks */,
				16A16C4E1A8DCC2500F6FC41 /* Resources */,
			);
			buildRules = (
			);
			dependencies = (
			);
			fileSystemSynchronizedGroups = (
				8B765D092EA24A7600059A27 /* Example */,
			);
			name = ZCAnimatedLabel;
			productName = ZCMorphingLabel;
			productReference = 16A16C501A8DCC2500F6FC41 /* ZCAnimatedLabel.app */;
			productType = "com.apple.product-type.application";
		};
/* End PBXNativeTarget section */

/* Begin PBXProject section */
		16A16C481A8DCC2500F6FC41 /* Project object */ = {
			isa = PBXProject;
			attributes = {
				LastUpgradeCheck = 0610;
				ORGANIZATIONNAME = alipay;
				TargetAttributes = {
					16A16C4F1A8DCC2500F6FC41 = {
						CreatedOnToolsVersion = 6.1.1;
						LastSwiftMigration = 2600;
					};
				};
			};
			buildConfigurationList = 16A16C4B1A8DCC2500F6FC41 /* Build configuration list for PBXProject "ZCAnimatedLabel" */;
			compatibilityVersion = "Xcode 3.2";
			developmentRegion = English;
			hasScannedForEncodings = 0;
			knownRegions = (
				English,
				en,
				Base,
			);
			mainGroup = 16A16C471A8DCC2500F6FC41;
			productRefGroup = 16A16C511A8DCC2500F6FC41 /* Products */;
			projectDirPath = "";
			projectRoot = "";
			targets = (
				16A16C4F1A8DCC2500F6FC41 /* ZCAnimatedLabel */,
			);
		};
/* End PBXProject section */

/* Begin PBXResourcesBuildPhase section */
		16A16C4E1A8DCC2500F6FC41 /* Resources */ = {
			isa = PBXResourcesBuildPhase;
			buildActionMask = 2147483647;
			files = (
				8B765CCB2EA2496400059A27 /* README.md in Resources */,
			);
			runOnlyForDeploymentPostprocessing = 0;
		};
/* End PBXResourcesBuildPhase section */

/* Begin PBXSourcesBuildPhase section */
		16A16C4C1A8DCC2500F6FC41 /* Sources */ = {
			isa = PBXSourcesBuildPhase;
			buildActionMask = 2147483647;
			files = (
				8B765D852EA24DD200059A27 /* ZCTransparencyLabel.m in Sources */,
				8B765D862EA24DD200059A27 /* ZCCoreTextLayout.m in Sources */,
				8B765D872EA24DD200059A27 /* ZCDashLabel.m in Sources */,
				8B765D882EA24DD200059A27 /* ZCEasingUtil.m in Sources */,
				8B765D892EA24DD200059A27 /* ZCShapeshiftLabel.m in Sources */,
				8B765D8A2EA24DD200059A27 /* ZCAnimatedLabel.m in Sources */,
				8B765D8B2EA24DD200059A27 /* ZCFallLabel.m in Sources */,
				8B765D8C2EA24DD200059A27 /* ZCThrownLabel.m in Sources */,
				8B765D8D2EA24DD200059A27 /* ZCFocusLabel.m in Sources */,
				8B765D8E2EA24DD200059A27 /* ZCFlyinLabel.m in Sources */,
				8B765D8F2EA24DD200059A27 /* ZCDuangLabel.m in Sources */,
				8B765D902EA24DD200059A27 /* ZCSpinLabel.m in Sources */,
				8B765D912EA24DD200059A27 /* ZCRevealLabel.m in Sources */,
			);
			runOnlyForDeploymentPostprocessing = 0;
		};
/* End PBXSourcesBuildPhase section */

/* Begin XCBuildConfiguration section */
		16A16C711A8DCC2500F6FC41 /* Debug */ = {
			isa = XCBuildConfiguration;
			buildSettings = {
				ALWAYS_SEARCH_USER_PATHS = NO;
				CLANG_CXX_LANGUAGE_STANDARD = "gnu++0x";
				CLANG_CXX_LIBRARY = "libc++";
				CLANG_ENABLE_MODULES = YES;
				CLANG_ENABLE_OBJC_ARC = YES;
				CLANG_WARN_BOOL_CONVERSION = YES;
				CLANG_WARN_CONSTANT_CONVERSION = YES;
				CLANG_WARN_DIRECT_OBJC_ISA_USAGE = YES_ERROR;
				CLANG_WARN_EMPTY_BODY = YES;
				CLANG_WARN_ENUM_CONVERSION = YES;
				CLANG_WARN_INT_CONVERSION = YES;
				CLANG_WARN_OBJC_ROOT_CLASS = YES_ERROR;
				CLANG_WARN_UNREACHABLE_CODE = YES;
				CLANG_WARN__DUPLICATE_METHOD_MATCH = YES;
				"CODE_SIGN_IDENTITY[sdk=iphoneos*]" = "iPhone Developer";
				COPY_PHASE_STRIP = NO;
				ENABLE_STRICT_OBJC_MSGSEND = YES;
				GCC_C_LANGUAGE_STANDARD = gnu99;
				GCC_DYNAMIC_NO_PIC = NO;
				GCC_OPTIMIZATION_LEVEL = 0;
				GCC_PREPROCESSOR_DEFINITIONS = (
					"DEBUG=1",
					"$(inherited)",
				);
				GCC_SYMBOLS_PRIVATE_EXTERN = NO;
				GCC_WARN_64_TO_32_BIT_CONVERSION = YES;
				GCC_WARN_ABOUT_RETURN_TYPE = YES_ERROR;
				GCC_WARN_UNDECLARED_SELECTOR = YES;
				GCC_WARN_UNINITIALIZED_AUTOS = YES_AGGRESSIVE;
				GCC_WARN_UNUSED_FUNCTION = YES;
				GCC_WARN_UNUSED_VARIABLE = YES;
				IPHONEOS_DEPLOYMENT_TARGET = 8.1;
				MTL_ENABLE_DEBUG_INFO = YES;
				ONLY_ACTIVE_ARCH = YES;
				SDKROOT = iphoneos;
				TARGETED_DEVICE_FAMILY = "1,2";
			};
			name = Debug;
		};
		16A16C741A8DCC2500F6FC41 /* Debug */ = {
			isa = XCBuildConfiguration;
			buildSettings = {
				ASSETCATALOG_COMPILER_APPICON_NAME = AppIcon;
				CLANG_ENABLE_MODULES = YES;
				INFOPLIST_FILE = ZCAnimatedLabel/Info.plist;
				IPHONEOS_DEPLOYMENT_TARGET = 6.0;
				LD_RUNPATH_SEARCH_PATHS = (
					"$(inherited)",
					"@executable_path/Frameworks",
				);
				PRODUCT_NAME = "$(TARGET_NAME)";
				SWIFT_OPTIMIZATION_LEVEL = "-Onone";
				SWIFT_VERSION = 6.0;
			};
			name = Debug;
		};
/* End XCBuildConfiguration section */

/* Begin XCConfigurationList section */
		16A16C4B1A8DCC2500F6FC41 /* Build configuration list for PBXProject "ZCAnimatedLabel" */ = {
			isa = XCConfigurationList;
			buildConfigurations = (
				16A16C711A8DCC2500F6FC41 /* Debug */,
			);
			defaultConfigurationIsVisible = 0;
			defaultConfigurationName = Debug;
		};
		16A16C731A8DCC2500F6FC41 /* Build configuration list for PBXNativeTarget "ZCAnimatedLabel" */ = {
			isa = XCConfigurationList;
			buildConfigurations = (
				16A16C741A8DCC2500F6FC41 /* Debug */,
			);
			defaultConfigurationIsVisible = 0;
			defaultConfigurationName = Debug;
		};
/* End XCConfigurationList section */
	};
	rootObject = 16A16C481A8DCC2500F6FC41 /* Project object */;
}
